#
# This file is autogenerated by pip-compile with Python 3.12
# by the following command:
#
#    pip-compile --extra=face --output-file=requirements-face.lock pyproject.toml
#
annotated-doc==0.0.5
    # via fastapi
annotated-types==0.8.0
    # via pydantic
anyio==4.14.2
    # via
    #   starlette
    #   watchfiles
click==8.4.2
    # via uvicorn
colorama==0.4.6
    # via click
fastapi==0.141.1
    # via eeg-learning-platform (pyproject.toml)
flatbuffers==25.12.19
    # via onnxruntime
h11==0.16.0
    # via uvicorn
httptools==0.8.0
    # via uvicorn
idna==3.18
    # via anyio
numpy==2.5.1
    # via
    #   eeg-learning-platform (pyproject.toml)
    #   onnxruntime
    #   opencv-python
    #   scipy
onnxruntime==1.28.0
    # via eeg-learning-platform (pyproject.toml)
opencv-python==4.14.0.94
    # via eeg-learning-platform (pyproject.toml)
packaging==26.3
    # via onnxruntime
protobuf==7.35.1
    # via onnxruntime
pydantic==2.13.4
    # via
    #   eeg-learning-platform (pyproject.toml)
    #   fastapi
    #   pydantic-settings
pydantic-core==2.46.4
    # via pydantic
pydantic-settings==2.15.0
    # via eeg-learning-platform (pyproject.toml)
python-dotenv==1.2.2
    # via
    #   eeg-learning-platform (pyproject.toml)
    #   pydantic-settings
    #   uvicorn
pyyaml==6.0.3
    # via uvicorn
scipy==1.18.0
    # via eeg-learning-platform (pyproject.toml)
starlette==1.4.1
    # via
    #   eeg-learning-platform (pyproject.toml)
    #   fastapi
typing-extensions==4.16.0
    # via
    #   anyio
    #   fastapi
    #   pydantic
    #   pydantic-core
    #   starlette
    #   typing-inspection
typing-inspection==0.4.2
    # via
    #   fastapi
    #   pydantic
    #   pydantic-settings
uvicorn[standard]==0.52.1
    # via eeg-learning-platform (pyproject.toml)
watchfiles==1.2.0
    # via uvicorn
websockets==17.0.1
    # via uvicorn
